
Microsoft Visual Studio Solution File, Format Version 12.00
# Visual Studio Version 17
VisualStudioVersion = 17.7.34031.279
MinimumVisualStudioVersion = 10.0.40219.1
Project("{FAE04EC0-301F-11D3-BF4B-00C04F79EFBC}") = "Лабораторна робота 1", "Лабораторна робота 1\Лабораторна робота 1.csproj", "{BEEDE8A1-F568-4E2D-B38D-B5C53D894B13}"
EndProject
Global
	GlobalSection(SolutionConfigurationPlatforms) = preSolution
		Debug|Any CPU = Debug|Any CPU
		Release|Any CPU = Release|Any CPU
	EndGlobalSection
	GlobalSection(ProjectConfigurationPlatforms) = postSolution
		{BEEDE8A1-F568-4E2D-B38D-B5C53D894B13}.Debug|Any CPU.ActiveCfg = Debug|Any CPU
		{BEEDE8A1-F568-4E2D-B38D-B5C53D894B13}.Debug|Any CPU.Build.0 = Debug|Any CPU
		{BEEDE8A1-F568-4E2D-B38D-B5C53D894B13}.Release|Any CPU.ActiveCfg = Release|Any CPU
		{BEEDE8A1-F568-4E2D-B38D-B5C53D894B13}.Release|Any CPU.Build.0 = Release|Any CPU
	EndGlobalSection
	GlobalSection(SolutionProperties) = preSolution
		HideSolutionNode = FALSE
	EndGlobalSection
	GlobalSection(ExtensibilityGlobals) = postSolution
		SolutionGuid = {6CFFF909-5D14-4719-AA9C-5B0AECE1D9F9}
	EndGlobalSection
EndGlobal
